// !$*UTF8*$!
{
	archiveVersion = 1;
	classes = {
	};
	objectVersion = 77;
	objects = {

/* Begin PBXBuildFile section */
		8A84391A2F636F38001338D3 /* AquaWidgetExtension.appex in Embed Foundation Extensions */ = {isa = PBXBuildFile; fileRef = 8A8439102F636F38001338D3 /* AquaWidgetExtension.appex */; settings = {ATTRIBUTES = (RemoveHeadersOnCopy, ); }; };
/* End PBXBuildFile section */

/* Begin PBXContainerItemProxy section */
		8A8438F02F636F38001338D3 /* PBXContainerItemProxy */ = {
			isa = PBXContainerItemProxy;
			containerPortal = 8A8438DA2F636F35001338D3 /* Project object */;
			proxyType = 1;
			remoteGlobalIDString = 8A8438E12F636F35001338D3;
			remoteInfo = aqua;
		};
		8A8438FA2F636F38001338D3 /* PBXContainerItemProxy */ = {
			isa = PBXContainerItemProxy;
			containerPortal = 8A8438DA2F636F35001338D3 /* Project object */;
			proxyType = 1;
			remoteGlobalIDString = 8A8438E12F636F35001338D3;
			remoteInfo = aqua;
		};
		8A8439172F636F38001338D3 /* PBXContainerItemProxy */ = {
			isa = PBXContainerItemProxy;
			containerPortal = 8A8438DA2F636F35001338D3 /* Project object */;
			proxyType = 1;
			remoteGlobalIDString = 8A8439122F636F38001338D3;
			remoteInfo = AquaWidgetExtension;
		};
/* End PBXContainerItemProxy section */

/* Begin PBXCopyFilesBuildPhase section */
		8A8439192F636F38001338D3 /* Embed Foundation Extensions */ = {
			isa = PBXCopyFilesBuildPhase;
			buildActionMask = 2147483647;
			dstPath = "";
			dstSubfolderSpec = 13;
			files = (
				8A84391A2F636F38001338D3 /* AquaWidgetExtension.appex in Embed Foundation Extensions */,
			);
			name = "Embed Foundation Extensions";
			runOnlyForDeploymentPostprocessing = 0;
		};
/* End PBXCopyFilesBuildPhase section */

/* Begin PBXFileReference section */
		8A8438E22F636F35001338D3 /* aqua.app */ = {isa = PBXFileReference; explicitFileType = wrapper.application; includeInIndex = 0; path = aqua.app; sourceTree = BUILT_PRODUCTS_DIR; };
		8A8438EF2F636F38001338D3 /* aquaTests.xctest */ = {isa = PBXFileReference; explicitFileType = wrapper.cfbundle; includeInIndex = 0; path = aquaTests.xctest; sourceTree = BUILT_PRODUCTS_DIR; };
		8A8438F92F636F38001338D3 /* aquaUITests.xctest */ = {isa = PBXFileReference; explicitFileType = wrapper.cfbundle; includeInIndex = 0; path = aquaUITests.xctest; sourceTree = BUILT_PRODUCTS_DIR; };
		8A8439102F636F38001338D3 /* AquaWidgetExtension.appex */ = {isa = PBXFileReference; explicitFileType = "wrapper.app-extension"; includeInIndex = 0; path = AquaWidgetExtension.appex; sourceTree = BUILT_PRODUCTS_DIR; };
/* End PBXFileReference section */

/* Begin PBXFileSystemSynchronizedRootGroup section */
		8A8438E42F636F35001338D3 /* aqua */ = {
			isa = PBXFileSystemSynchronizedRootGroup;
			path = aqua;
			sourceTree = "<group>";
		};
		8A8438F22F636F38001338D3 /* aquaTests */ = {
			isa = PBXFileSystemSynchronizedRootGroup;
			path = aquaTests;
			sourceTree = "<group>";
		};
		8A8438FC2F636F38001338D3 /* aquaUITests */ = {
			isa = PBXFileSystemSynchronizedRootGroup;
			path = aquaUITests;
			sourceTree = "<group>";
		};
		8A8439112F636F38001338D3 /* AquaWidgetExtension */ = {
			isa = PBXFileSystemSynchronizedRootGroup;
			path = AquaWidgetExtension;
			sourceTree = "<group>";
		};
/* End PBXFileSystemSynchronizedRootGroup section */

/* Begin PBXFrameworksBuildPhase section */
		8A8438DF2F636F35001338D3 /* Frameworks */ = {
			isa = PBXFrameworksBuildPhase;
			buildActionMask = 2147483647;
			files = (
			);
			runOnlyForDeploymentPostprocessing = 0;
		};
		8A8438EC2F636F38001338D3 /* Frameworks */ = {
			isa = PBXFrameworksBuildPhase;
			buildActionMask = 2147483647;
			files = (
			);
			runOnlyForDeploymentPostprocessing = 0;
		};
		8A8438F62F636F38001338D3 /* Frameworks */ = {
			isa = PBXFrameworksBuildPhase;
			buildActionMask = 2147483647;
			files = (
			);
			runOnlyForDeploymentPostprocessing = 0;
		};
		8A8439142F636F38001338D3 /* Frameworks */ = {
			isa = PBXFrameworksBuildPhase;
			buildActionMask = 2147483647;
			files = (
			);
			runOnlyForDeploymentPostprocessing = 0;
		};
/* End PBXFrameworksBuildPhase section */

/* Begin PBXGroup section */
		8A8438D92F636F35001338D3 = {
			isa = PBXGroup;
			children = (
				8A8438E42F636F35001338D3 /* aqua */,
				8A8439112F636F38001338D3 /* AquaWidgetExtension */,
				8A8438F22F636F38001338D3 /* aquaTests */,
				8A8438FC2F636F38001338D3 /* aquaUITests */,
				8A8438E32F636F35001338D3 /* Products */,
			);
			sourceTree = "<group>";
		};
		8A8438E32F636F35001338D3 /* Products */ = {
			isa = PBXGroup;
			children = (
				8A8438E22F636F35001338D3 /* aqua.app */,
				8A8439102F636F38001338D3 /* AquaWidgetExtension.appex */,
				8A8438EF2F636F38001338D3 /* aquaTests.xctest */,
				8A8438F92F636F38001338D3 /* aquaUITests.xctest */,
			);
			name = Products;
			sourceTree = "<group>";
		};
/* End PBXGroup section */

/* Begin PBXNativeTarget section */
		8A8438E12F636F35001338D3 /* aqua */ = {
			isa = PBXNativeTarget;
			buildConfigurationList = 8A8439032F636F38001338D3 /* Build configuration list for PBXNativeTarget "aqua" */;
			buildPhases = (
				8A8438DE2F636F35001338D3 /* Sources */,
				8A8438DF2F636F35001338D3 /* Frameworks */,
				8A8438E02F636F35001338D3 /* Resources */,
				8A8439192F636F38001338D3 /* Embed Foundation Extensions */,
			);
			buildRules = (
			);
			dependencies = (
				8A8439182F636F38001338D3 /* PBXTargetDependency */,
			);
			fileSystemSynchronizedGroups = (
				8A8438E42F636F35001338D3 /* aqua */,
			);
			name = aqua;
			packageProductDependencies = (
			);
			productName = aqua;
			productReference = 8A8438E22F636F35001338D3 /* aqua.app */;
			productType = "com.apple.product-type.application";
		};
		8A8438EE2F636F38001338D3 /* aquaTests */ = {
			isa = PBXNativeTarget;
			buildConfigurationList = 8A8439062F636F38001338D3 /* Build configuration list for PBXNativeTarget "aquaTests" */;
			buildPhases = (
				8A8438EB2F636F38001338D3 /* Sources */,
				8A8438EC2F636F38001338D3 /* Frameworks */,
				8A8438ED2F636F38001338D3 /* Resources */,
			);
			buildRules = (
			);
			dependencies = (
				8A8438F12F636F38001338D3 /* PBXTargetDependency */,
			);
			fileSystemSynchronizedGroups = (
				8A8438F22F636F38001338D3 /* aquaTests */,
			);
			name = aquaTests;
			packageProductDependencies = (
			);
			productName = aquaTests;
			productReference = 8A8438EF2F636F38001338D3 /* aquaTests.xctest */;
			productType = "com.apple.product-type.bundle.unit-test";
		};
		8A8438F82F636F38001338D3 /* aquaUITests */ = {
			isa = PBXNativeTarget;
			buildConfigurationList = 8A8439092F636F38001338D3 /* Build configuration list for PBXNativeTarget "aquaUITests" */;
			buildPhases = (
				8A8438F52F636F38001338D3 /* Sources */,
				8A8438F62F636F38001338D3 /* Frameworks */,
				8A8438F72F636F38001338D3 /* Resources */,
			);
			buildRules = (
			);
			dependencies = (
				8A8438FB2F636F38001338D3 /* PBXTargetDependency */,
			);
			fileSystemSynchronizedGroups = (
				8A8438FC2F636F38001338D3 /* aquaUITests */,
			);
			name = aquaUITests;
			packageProductDependencies = (
			);
			productName = aquaUITests;
			productReference = 8A8438F92F636F38001338D3 /* aquaUITests.xctest */;
			productType = "com.apple.product-type.bundle.ui-testing";
		};
		8A8439122F636F38001338D3 /* AquaWidgetExtension */ = {
			isa = PBXNativeTarget;
			buildConfigurationList = 8A8439162F636F38001338D3 /* Build configuration list for PBXNativeTarget "AquaWidgetExtension" */;
			buildPhases = (
				8A8439132F636F38001338D3 /* Sources */,
				8A8439142F636F38001338D3 /* Frameworks */,
				8A8439152F636F38001338D3 /* Resources */,
			);
			buildRules = (
			);
			dependencies = (
			);
			fileSystemSynchronizedGroups = (
				8A8439112F636F38001338D3 /* AquaWidgetExtension */,
			);
			name = AquaWidgetExtension;
			packageProductDependencies = (
			);
			productName = AquaWidgetExtension;
			productReference = 8A8439102F636F38001338D3 /* AquaWidgetExtension.appex */;
			productType = "com.apple.product-type.app-extension";
		};
/* End PBXNativeTarget section */

/* Begin PBXProject section */
		8A8438DA2F636F35001338D3 /* Project object */ = {
			isa = PBXProject;
			attributes = {
				BuildIndependentTargetsInParallel = 1;
				LastSwiftUpdateCheck = 2630;
				LastUpgradeCheck = 2630;
				TargetAttributes = {
					8A8438E12F636F35001338D3 = {
						CreatedOnToolsVersion = 26.3;
					};
					8A8438EE2F636F38001338D3 = {
						CreatedOnToolsVersion = 26.3;
						TestTargetID = 8A8438E12F636F35001338D3;
					};
					8A8438F82F636F38001338D3 = {
						CreatedOnToolsVersion = 26.3;
						TestTargetID = 8A8438E12F636F35001338D3;
					};
					8A8439122F636F38001338D3 = {
						CreatedOnToolsVersion = 26.3;
					};
				};
			};
			buildConfigurationList = 8A8438DD2F636F35001338D3 /* Build configuration list for PBXProject "aqua" */;
			developmentRegion = en;
			hasScannedForEncodings = 0;
			knownRegions = (
				en,
				Base,
			);
			mainGroup = 8A8438D92F636F35001338D3;
			minimizedProjectReferenceProxies = 1;
			preferredProjectObjectVersion = 77;
			productRefGroup = 8A8438E32F636F35001338D3 /* Products */;
			projectDirPath = "";
			projectRoot = "";
			targets = (
				8A8438E12F636F35001338D3 /* aqua */,
				8A8439122F636F38001338D3 /* AquaWidgetExtension */,
				8A8438EE2F636F38001338D3 /* aquaTests */,
				8A8438F82F636F38001338D3 /* aquaUITests */,
			);
		};
/* End PBXProject section */

/* Begin PBXResourcesBuildPhase section */
		8A8438E02F636F35001338D3 /* Resources */ = {
			isa = PBXResourcesBuildPhase;
			buildActionMask = 2147483647;
			files = (
			);
			runOnlyForDeploymentPostprocessing = 0;
		};
		8A8438ED2F636F38001338D3 /* Resources */ = {
			isa = PBXResourcesBuildPhase;
			buildActionMask = 2147483647;
			files = (
			);
			runOnlyForDeploymentPostprocessing = 0;
		};
		8A8438F72F636F38001338D3 /* Resources */ = {
			isa = PBXResourcesBuildPhase;
			buildActionMask = 2147483647;
			files = (
			);
			runOnlyForDeploymentPostprocessing = 0;
		};
		8A8439152F636F38001338D3 /* Resources */ = {
			isa = PBXResourcesBuildPhase;
			buildActionMask = 2147483647;
			files = (
			);
			runOnlyForDeploymentPostprocessing = 0;
		};
/* End PBXResourcesBuildPhase section */

/* Begin PBXSourcesBuildPhase section */
		8A8438DE2F636F35001338D3 /* Sources */ = {
			isa = PBXSourcesBuildPhase;
			buildActionMask = 2147483647;
			files = (
			);
			runOnlyForDeploymentPostprocessing = 0;
		};
		8A8438EB2F636F38001338D3 /* Sources */ = {
			isa = PBXSourcesBuildPhase;
			buildActionMask = 2147483647;
			files = (
			);
			runOnlyForDeploymentPostprocessing = 0;
		};
		8A8438F52F636F38001338D3 /* Sources */ = {
			isa = PBXSourcesBuildPhase;
			buildActionMask = 2147483647;
			files = (
			);
			runOnlyForDeploymentPostprocessing = 0;
		};
		8A8439132F636F38001338D3 /* Sources */ = {
			isa = PBXSourcesBuildPhase;
			buildActionMask = 2147483647;
			files = (
			);
			runOnlyForDeploymentPostprocessing = 0;
		};
/* End PBXSourcesBuildPhase section */

/* Begin PBXTargetDependency section */
		8A8438F12F636F38001338D3 /* PBXTargetDependency */ = {
			isa = PBXTargetDependency;
			target = 8A8438E12F636F35001338D3 /* aqua */;
			targetProxy = 8A8438F02F636F38001338D3 /* PBXContainerItemProxy */;
		};
		8A8438FB2F636F38001338D3 /* PBXTargetDependency */ = {
			isa = PBXTargetDependency;
			target = 8A8438E12F636F35001338D3 /* aqua */;
			targetProxy = 8A8438FA2F636F38001338D3 /* PBXContainerItemProxy */;
		};
		8A8439182F636F38001338D3 /* PBXTargetDependency */ = {
			isa = PBXTargetDependency;
			target = 8A8439122F636F38001338D3 /* AquaWidgetExtension */;
			targetProxy = 8A8439172F636F38001338D3 /* PBXContainerItemProxy */;
		};
/* End PBXTargetDependency section */

/* Begin XCBuildConfiguration section */
		8A8439012F636F38001338D3 /* Debug */ = {
			isa = XCBuildConfiguration;
			buildSettings = {
				ALWAYS_SEARCH_USER_PATHS = NO;
				ASSETCATALOG_COMPILER_GENERATE_SWIFT_ASSET_SYMBOL_EXTENSIONS = YES;
				CLANG_ANALYZER_NONNULL = YES;
				CLANG_ANALYZER_NUMBER_OBJECT_CONVERSION = YES_AGGRESSIVE;
				CLANG_CXX_LANGUAGE_STANDARD = "gnu++20";
				CLANG_ENABLE_MODULES = YES;
				CLANG_ENABLE_OBJC_ARC = YES;
				CLANG_ENABLE_OBJC_WEAK = YES;
				CLANG_WARN_BLOCK_CAPTURE_AUTORELEASING = YES;
				CLANG_WARN_BOOL_CONVERSION = YES;
				CLANG_WARN_COMMA = YES;
				CLANG_WARN_CONSTANT_CONVERSION = YES;
				CLANG_WARN_DEPRECATED_OBJC_IMPLEMENTATIONS = YES;
				CLANG_WARN_DIRECT_OBJC_ISA_USAGE = YES_ERROR;
				CLANG_WARN_DOCUMENTATION_COMMENTS = YES;
				CLANG_WARN_EMPTY_BODY = YES;
				CLANG_WARN_ENUM_CONVERSION = YES;
				CLANG_WARN_INFINITE_RECURSION = YES;
				CLANG_WARN_INT_CONVERSION = YES;
				CLANG_WARN_NON_LITERAL_NULL_CONVERSION = YES;
				CLANG_WARN_OBJC_IMPLICIT_RETAIN_SELF = YES;
				CLANG_WARN_OBJC_LITERAL_CONVERSION = YES;
				CLANG_WARN_OBJC_ROOT_CLASS = YES_ERROR;
				CLANG_WARN_QUOTED_INCLUDE_IN_FRAMEWORK_HEADER = YES;
				CLANG_WARN_RANGE_LOOP_ANALYSIS = YES;
				CLANG_WARN_STRICT_PROTOTYPES = YES;
				CLANG_WARN_SUSPICIOUS_MOVE = YES;
				CLANG_WARN_UNGUARDED_AVAILABILITY = YES_AGGRESSIVE;
				CLANG_WARN_UNREACHABLE_CODE = YES;
				CLANG_WARN__DUPLICATE_METHOD_MATCH = YES;
				COPY_PHASE_STRIP = NO;
				DEBUG_INFORMATION_FORMAT = dwarf;
				ENABLE_STRICT_OBJC_MSGSEND = YES;
				ENABLE_TESTABILITY = YES;
				ENABLE_USER_SCRIPT_SANDBOXING = YES;
				GCC_C_LANGUAGE_STANDARD = gnu17;
				GCC_DYNAMIC_NO_PIC = NO;
				GCC_NO_COMMON_BLOCKS = YES;
				GCC_OPTIMIZATION_LEVEL = 0;
				GCC_PREPROCESSOR_DEFINITIONS = (
					"DEBUG=1",
					"$(inherited)",
				);
				GCC_WARN_64_TO_32_BIT_CONVERSION = YES;
				GCC_WARN_ABOUT_RETURN_TYPE = YES_ERROR;
				GCC_WARN_UNDECLARED_SELECTOR = YES;
				GCC_WARN_UNINITIALIZED_AUTOS = YES_AGGRESSIVE;
				GCC_WARN_UNUSED_FUNCTION = YES;
				GCC_WARN_UNUSED_VARIABLE = YES;
				IPHONEOS_DEPLOYMENT_TARGET = 26.2;
				LOCALIZATION_PREFERS_STRING_CATALOGS = YES;
				MTL_ENABLE_DEBUG_INFO = INCLUDE_SOURCE;
				MTL_FAST_MATH = YES;
				ONLY_ACTIVE_ARCH = YES;
				SDKROOT = iphoneos;
				SWIFT_ACTIVE_COMPILATION_CONDITIONS = "DEBUG $(inherited)";
				SWIFT_OPTIMIZATION_LEVEL = "-Onone";
			};
			name = Debug;
		};
		8A8439022F636F38001338D3 /* Release */ = {
			isa = XCBuildConfiguration;
			buildSettings = {
				ALWAYS_SEARCH_USER_PATHS = NO;
				ASSETCATALOG_COMPILER_GENERATE_SWIFT_ASSET_SYMBOL_EXTENSIONS = YES;
				CLANG_ANALYZER_NONNULL = YES;
				CLANG_ANALYZER_NUMBER_OBJECT_CONVERSION = YES_AGGRESSIVE;
				CLANG_CXX_LANGUAGE_STANDARD = "gnu++20";
				CLANG_ENABLE_MODULES = YES;
				CLANG_ENABLE_OBJC_ARC = YES;
				CLANG_ENABLE_OBJC_WEAK = YES;
				CLANG_WARN_BLOCK_CAPTURE_AUTORELEASING = YES;
				CLANG_WARN_BOOL_CONVERSION = YES;
				CLANG_WARN_COMMA = YES;
				CLANG_WARN_CONSTANT_CONVERSION = YES;
				CLANG_WARN_DEPRECATED_OBJC_IMPLEMENTATIONS = YES;
				CLANG_WARN_DIRECT_OBJC_ISA_USAGE = YES_ERROR;
				CLANG_WARN_DOCUMENTATION_COMMENTS = YES;
				CLANG_WARN_EMPTY_BODY = YES;
				CLANG_WARN_ENUM_CONVERSION = YES;
				CLANG_WARN_INFINITE_RECURSION = YES;
				CLANG_WARN_INT_CONVERSION = YES;
				CLANG_WARN_NON_LITERAL_NULL_CONVERSION = YES;
				CLANG_WARN_OBJC_IMPLICIT_RETAIN_SELF = YES;
				CLANG_WARN_OBJC_LITERAL_CONVERSION = YES;
				CLANG_WARN_OBJC_ROOT_CLASS = YES_ERROR;
				CLANG_WARN_QUOTED_INCLUDE_IN_FRAMEWORK_HEADER = YES;
				CLANG_WARN_RANGE_LOOP_ANALYSIS = YES;
				CLANG_WARN_STRICT_PROTOTYPES = YES;
				CLANG_WARN_SUSPICIOUS_MOVE = YES;
				CLANG_WARN_UNGUARDED_AVAILABILITY = YES_AGGRESSIVE;
				CLANG_WARN_UNREACHABLE_CODE = YES;
				CLANG_WARN__DUPLICATE_METHOD_MATCH = YES;
				COPY_PHASE_STRIP = NO;
				DEBUG_INFORMATION_FORMAT = "dwarf-with-dsym";
				ENABLE_NS_ASSERTIONS = NO;
				ENABLE_STRICT_OBJC_MSGSEND = YES;
				ENABLE_USER_SCRIPT_SANDBOXING = YES;
				GCC_C_LANGUAGE_STANDARD = gnu17;
				GCC_NO_COMMON_BLOCKS = YES;
				GCC_WARN_64_TO_32_BIT_CONVERSION = YES;
				GCC_WARN_ABOUT_RETURN_TYPE = YES_ERROR;
				GCC_WARN_UNDECLARED_SELECTOR = YES;
				GCC_WARN_UNINITIALIZED_AUTOS = YES_AGGRESSIVE;
				GCC_WARN_UNUSED_FUNCTION = YES;
				GCC_WARN_UNUSED_VARIABLE = YES;
				IPHONEOS_DEPLOYMENT_TARGET = 26.2;
				LOCALIZATION_PREFERS_STRING_CATALOGS = YES;
				MTL_ENABLE_DEBUG_INFO = NO;
				MTL_FAST_MATH = YES;
				SDKROOT = iphoneos;
				SWIFT_COMPILATION_MODE = wholemodule;
				VALIDATE_PRODUCT = YES;
			};
			name = Release;
		};
		8A8439042F636F38001338D3 /* Debug */ = {
			isa = XCBuildConfiguration;
			buildSettings = {
				ASSETCATALOG_COMPILER_APPICON_NAME = Sip;
				ASSETCATALOG_COMPILER_GLOBAL_ACCENT_COLOR_NAME = AccentColor;
				ASSETCATALOG_COMPILER_INCLUDE_ALL_APPICON_ASSETS = YES;
				CODE_SIGN_ENTITLEMENTS = aqua/aqua.entitlements;
				CODE_SIGN_STYLE = Automatic;
				CURRENT_PROJECT_VERSION = 1;
				DEVELOPMENT_TEAM = 739YVHNF4X;
				ENABLE_PREVIEWS = YES;
				GENERATE_INFOPLIST_FILE = YES;
				INFOPLIST_KEY_CFBundleDisplayName = Sip;
				INFOPLIST_KEY_LSApplicationCategoryType = "public.app-category.healthcare-fitness";
				INFOPLIST_KEY_UIApplicationSceneManifest_Generation = YES;
				INFOPLIST_KEY_UIApplicationSupportsIndirectInputEvents = YES;
				INFOPLIST_KEY_UILaunchScreen_Generation = YES;
				INFOPLIST_KEY_UISupportedInterfaceOrientations = "UIInterfaceOrientationLandscapeLeft UIInterfaceOrientationLandscapeRight UIInterfaceOrientationPortrait UIInterfaceOrientationPortraitUpsideDown";
				LD_RUNPATH_SEARCH_PATHS = (
					"$(inherited)",
					"@executable_path/Frameworks",
				);
				MARKETING_VERSION = 1.0;
				PRODUCT_BUNDLE_IDENTIFIER = andychudesign.aquaapp;
				PRODUCT_NAME = "$(TARGET_NAME)";
				STRING_CATALOG_GENERATE_SYMBOLS = YES;
				SWIFT_APPROACHABLE_CONCURRENCY = YES;
				SWIFT_DEFAULT_ACTOR_ISOLATION = MainActor;
				SWIFT_EMIT_LOC_STRINGS = YES;
				SWIFT_UPCOMING_FEATURE_MEMBER_IMPORT_VISIBILITY = YES;
				SWIFT_VERSION = 5.0;
				TARGETED_DEVICE_FAMILY = "1,2";
			};
			name = Debug;
		};
		8A8439052F636F38001338D3 /* Release */ = {
			isa = XCBuildConfiguration;
			buildSettings = {
				ASSETCATALOG_COMPILER_APPICON_NAME = Sip;
				ASSETCATALOG_COMPILER_GLOBAL_ACCENT_COLOR_NAME = AccentColor;
				ASSETCATALOG_COMPILER_INCLUDE_ALL_APPICON_ASSETS = YES;
				CODE_SIGN_ENTITLEMENTS = aqua/aqua.entitlements;
				CODE_SIGN_STYLE = Automatic;
				CURRENT_PROJECT_VERSION = 1;
				DEVELOPMENT_TEAM = 739YVHNF4X;
				ENABLE_PREVIEWS = YES;
				GENERATE_INFOPLIST_FILE = YES;
				INFOPLIST_KEY_CFBundleDisplayName = Sip;
				INFOPLIST_KEY_LSApplicationCategoryType = "public.app-category.healthcare-fitness";
				INFOPLIST_KEY_UIApplicationSceneManifest_Generation = YES;
				INFOPLIST_KEY_UIApplicationSupportsIndirectInputEvents = YES;
				INFOPLIST_KEY_UILaunchScreen_Generation = YES;
				INFOPLIST_KEY_UISupportedInterfaceOrientations = "UIInterfaceOrientationLandscapeLeft UIInterfaceOrientationLandscapeRight UIInterfaceOrientationPortrait UIInterfaceOrientationPortraitUpsideDown";
				LD_RUNPATH_SEARCH_PATHS = (
					"$(inherited)",
					"@executable_path/Frameworks",
				);
				MARKETING_VERSION = 1.0;
				PRODUCT_BUNDLE_IDENTIFIER = andychudesign.aquaapp;
				PRODUCT_NAME = "$(TARGET_NAME)";
				STRING_CATALOG_GENERATE_SYMBOLS = YES;
				SWIFT_APPROACHABLE_CONCURRENCY = YES;
				SWIFT_DEFAULT_ACTOR_ISOLATION = MainActor;
				SWIFT_EMIT_LOC_STRINGS = YES;
				SWIFT_UPCOMING_FEATURE_MEMBER_IMPORT_VISIBILITY = YES;
				SWIFT_VERSION = 5.0;
				TARGETED_DEVICE_FAMILY = "1,2";
			};
			name = Release;
		};
		8A8439072F636F38001338D3 /* Debug */ = {
			isa = XCBuildConfiguration;
			buildSettings = {
				BUNDLE_LOADER = "$(TEST_HOST)";
				CODE_SIGN_STYLE = Automatic;
				CURRENT_PROJECT_VERSION = 1;
				GENERATE_INFOPLIST_FILE = YES;
				IPHONEOS_DEPLOYMENT_TARGET = 26.2;
				MARKETING_VERSION = 1.0;
				PRODUCT_BUNDLE_IDENTIFIER = andychudesign.aquaTests;
				PRODUCT_NAME = "$(TARGET_NAME)";
				STRING_CATALOG_GENERATE_SYMBOLS = NO;
				SWIFT_APPROACHABLE_CONCURRENCY = YES;
				SWIFT_EMIT_LOC_STRINGS = NO;
				SWIFT_UPCOMING_FEATURE_MEMBER_IMPORT_VISIBILITY = YES;
				SWIFT_VERSION = 5.0;
				TARGETED_DEVICE_FAMILY = "1,2";
				TEST_HOST = "$(BUILT_PRODUCTS_DIR)/aqua.app/$(BUNDLE_EXECUTABLE_FOLDER_PATH)/aqua";
			};
			name = Debug;
		};
		8A8439082F636F38001338D3 /* Release */ = {
			isa = XCBuildConfiguration;
			buildSettings = {
				BUNDLE_LOADER = "$(TEST_HOST)";
				CODE_SIGN_STYLE = Automatic;
				CURRENT_PROJECT_VERSION = 1;
				GENERATE_INFOPLIST_FILE = YES;
				IPHONEOS_DEPLOYMENT_TARGET = 26.2;
				MARKETING_VERSION = 1.0;
				PRODUCT_BUNDLE_IDENTIFIER = andychudesign.aquaTests;
				PRODUCT_NAME = "$(TARGET_NAME)";
				STRING_CATALOG_GENERATE_SYMBOLS = NO;
				SWIFT_APPROACHABLE_CONCURRENCY = YES;
				SWIFT_EMIT_LOC_STRINGS = NO;
				SWIFT_UPCOMING_FEATURE_MEMBER_IMPORT_VISIBILITY = YES;
				SWIFT_VERSION = 5.0;
				TARGETED_DEVICE_FAMILY = "1,2";
				TEST_HOST = "$(BUILT_PRODUCTS_DIR)/aqua.app/$(BUNDLE_EXECUTABLE_FOLDER_PATH)/aqua";
			};
			name = Release;
		};
		8A84390A2F636F38001338D3 /* Debug */ = {
			isa = XCBuildConfiguration;
			buildSettings = {
				CODE_SIGN_STYLE = Automatic;
				CURRENT_PROJECT_VERSION = 1;
				GENERATE_INFOPLIST_FILE = YES;
				MARKETING_VERSION = 1.0;
				PRODUCT_BUNDLE_IDENTIFIER = andychudesign.aquaUITests;
				PRODUCT_NAME = "$(TARGET_NAME)";
				STRING_CATALOG_GENERATE_SYMBOLS = NO;
				SWIFT_APPROACHABLE_CONCURRENCY = YES;
				SWIFT_EMIT_LOC_STRINGS = NO;
				SWIFT_UPCOMING_FEATURE_MEMBER_IMPORT_VISIBILITY = YES;
				SWIFT_VERSION = 5.0;
				TARGETED_DEVICE_FAMILY = "1,2";
				TEST_TARGET_NAME = aqua;
			};
			name = Debug;
		};
		8A84390B2F636F38001338D3 /* Release */ = {
			isa = XCBuildConfiguration;
			buildSettings = {
				CODE_SIGN_STYLE = Automatic;
				CURRENT_PROJECT_VERSION = 1;
				GENERATE_INFOPLIST_FILE = YES;
				MARKETING_VERSION = 1.0;
				PRODUCT_BUNDLE_IDENTIFIER = andychudesign.aquaUITests;
				PRODUCT_NAME = "$(TARGET_NAME)";
				STRING_CATALOG_GENERATE_SYMBOLS = NO;
				SWIFT_APPROACHABLE_CONCURRENCY = YES;
				SWIFT_EMIT_LOC_STRINGS = NO;
				SWIFT_UPCOMING_FEATURE_MEMBER_IMPORT_VISIBILITY = YES;
				SWIFT_VERSION = 5.0;
				TARGETED_DEVICE_FAMILY = "1,2";
				TEST_TARGET_NAME = aqua;
			};
			name = Release;
		};
		8A84391B2F636F38001338D3 /* Debug */ = {
			isa = XCBuildConfiguration;
			buildSettings = {
				CODE_SIGN_ENTITLEMENTS = AquaWidgetExtension/AquaWidgetExtension.entitlements;
				CODE_SIGN_STYLE = Automatic;
				CURRENT_PROJECT_VERSION = 1;
				DEVELOPMENT_TEAM = 739YVHNF4X;
				GENERATE_INFOPLIST_FILE = YES;
				INFOPLIST_FILE = "AquaWidgetExtension-Info.plist";
				INFOPLIST_KEY_CFBundleDisplayName = Aqua;
				INFOPLIST_KEY_NSHumanReadableCopyright = "";
				LD_RUNPATH_SEARCH_PATHS = (
					"$(inherited)",
					"@executable_path/Frameworks",
					"@executable_path/../../Frameworks",
				);
				MARKETING_VERSION = 1.0;
				PRODUCT_BUNDLE_IDENTIFIER = andychudesign.aquaapp.AquaWidgetExtension;
				PRODUCT_NAME = "$(TARGET_NAME)";
				SKIP_INSTALL = YES;
				SWIFT_EMIT_LOC_STRINGS = YES;
				SWIFT_VERSION = 5.0;
				TARGETED_DEVICE_FAMILY = "1,2";
			};
			name = Debug;
		};
		8A84391C2F636F38001338D3 /* Release */ = {
			isa = XCBuildConfiguration;
			buildSettings = {
				CODE_SIGN_ENTITLEMENTS = AquaWidgetExtension/AquaWidgetExtension.entitlements;
				CODE_SIGN_STYLE = Automatic;
				CURRENT_PROJECT_VERSION = 1;
				DEVELOPMENT_TEAM = 739YVHNF4X;
				GENERATE_INFOPLIST_FILE = YES;
				INFOPLIST_FILE = "AquaWidgetExtension-Info.plist";
				INFOPLIST_KEY_CFBundleDisplayName = Aqua;
				INFOPLIST_KEY_NSHumanReadableCopyright = "";
				LD_RUNPATH_SEARCH_PATHS = (
					"$(inherited)",
					"@executable_path/Frameworks",
					"@executable_path/../../Frameworks",
				);
				MARKETING_VERSION = 1.0;
				PRODUCT_BUNDLE_IDENTIFIER = andychudesign.aquaapp.AquaWidgetExtension;
				PRODUCT_NAME = "$(TARGET_NAME)";
				SKIP_INSTALL = YES;
				SWIFT_EMIT_LOC_STRINGS = YES;
				SWIFT_VERSION = 5.0;
				TARGETED_DEVICE_FAMILY = "1,2";
			};
			name = Release;
		};
/* End XCBuildConfiguration section */

/* Begin XCConfigurationList section */
		8A8438DD2F636F35001338D3 /* Build configuration list for PBXProject "aqua" */ = {
			isa = XCConfigurationList;
			buildConfigurations = (
				8A8439012F636F38001338D3 /* Debug */,
				8A8439022F636F38001338D3 /* Release */,
			);
			defaultConfigurationIsVisible = 0;
			defaultConfigurationName = Release;
		};
		8A8439032F636F38001338D3 /* Build configuration list for PBXNativeTarget "aqua" */ = {
			isa = XCConfigurationList;
			buildConfigurations = (
				8A8439042F636F38001338D3 /* Debug */,
				8A8439052F636F38001338D3 /* Release */,
			);
			defaultConfigurationIsVisible = 0;
			defaultConfigurationName = Release;
		};
		8A8439062F636F38001338D3 /* Build configuration list for PBXNativeTarget "aquaTests" */ = {
			isa = XCConfigurationList;
			buildConfigurations = (
				8A8439072F636F38001338D3 /* Debug */,
				8A8439082F636F38001338D3 /* Release */,
			);
			defaultConfigurationIsVisible = 0;
			defaultConfigurationName = Release;
		};
		8A8439092F636F38001338D3 /* Build configuration list for PBXNativeTarget "aquaUITests" */ = {
			isa = XCConfigurationList;
			buildConfigurations = (
				8A84390A2F636F38001338D3 /* Debug */,
				8A84390B2F636F38001338D3 /* Release */,
			);
			defaultConfigurationIsVisible = 0;
			defaultConfigurationName = Release;
		};
		8A8439162F636F38001338D3 /* Build configuration list for PBXNativeTarget "AquaWidgetExtension" */ = {
			isa = XCConfigurationList;
			buildConfigurations = (
				8A84391B2F636F38001338D3 /* Debug */,
				8A84391C2F636F38001338D3 /* Release */,
			);
			defaultConfigurationIsVisible = 0;
			defaultConfigurationName = Release;
		};
/* End XCConfigurationList section */
	};
	rootObject = 8A8438DA2F636F35001338D3 /* Project object */;
}
